
Microsoft Visual Studio Solution File, Format Version 12.00
# Visual Studio Version 17
VisualStudioVersion = 17.4.33122.133
MinimumVisualStudioVersion = 10.0.40219.1
Project("{FAE04EC0-301F-11D3-BF4B-00C04F79EFBC}") = "CarRental", "CarRental\CarRental.csproj", "{31B8F7C7-BF44-42D9-8118-CE8B4005B74D}"
EndProject
Project("{2150E333-8FDC-42A3-9474-1A3956D46DE8}") = "Database", "Database", "{75E42F35-DBF9-4F02-9F91-6F5F9BCDAA04}"
	ProjectSection(SolutionItems) = preProject
		..\..\..\CarRental-2022-06-12-Mahya.zip = ..\..\..\CarRental-2022-06-12-Mahya.zip
	EndProjectSection
EndProject
Global
	GlobalSection(SolutionConfigurationPlatforms) = preSolution
		Debug|Any CPU = Debug|Any CPU
		Release|Any CPU = Release|Any CPU
	EndGlobalSection
	GlobalSection(ProjectConfigurationPlatforms) = postSolution
		{31B8F7C7-BF44-42D9-8118-CE8B4005B74D}.Debug|Any CPU.ActiveCfg = Debug|Any CPU
		{31B8F7C7-BF44-42D9-8118-CE8B4005B74D}.Debug|Any CPU.Build.0 = Debug|Any CPU
		{31B8F7C7-BF44-42D9-8118-CE8B4005B74D}.Release|Any CPU.ActiveCfg = Release|Any CPU
		{31B8F7C7-BF44-42D9-8118-CE8B4005B74D}.Release|Any CPU.Build.0 = Release|Any CPU
	EndGlobalSection
	GlobalSection(SolutionProperties) = preSolution
		HideSolutionNode = FALSE
	EndGlobalSection
	GlobalSection(ExtensibilityGlobals) = postSolution
		SolutionGuid = {219FDA36-92D0-495A-AE9A-BE168485D8E0}
	EndGlobalSection
EndGlobal
